
Microsoft Visual Studio Solution File, Format Version 12.00
# Visual Studio Version 17
VisualStudioVersion = 17.10.34928.147
MinimumVisualStudioVersion = 10.0.40219.1
Project("{FAE04EC0-301F-11D3-BF4B-00C04F79EFBC}") = "VillaAPI", "VillaAPI.csproj", "{5434B723-72A5-46F7-944F-0B6C97148711}"
EndProject
Global
	GlobalSection(SolutionConfigurationPlatforms) = preSolution
		Debug|Any CPU = Debug|Any CPU
		Release|Any CPU = Release|Any CPU
	EndGlobalSection
	GlobalSection(ProjectConfigurationPlatforms) = postSolution
		{5434B723-72A5-46F7-944F-0B6C97148711}.Debug|Any CPU.ActiveCfg = Debug|Any CPU
		{5434B723-72A5-46F7-944F-0B6C97148711}.Debug|Any CPU.Build.0 = Debug|Any CPU
		{5434B723-72A5-46F7-944F-0B6C97148711}.Release|Any CPU.ActiveCfg = Release|Any CPU
		{5434B723-72A5-46F7-944F-0B6C97148711}.Release|Any CPU.Build.0 = Release|Any CPU
	EndGlobalSection
	GlobalSection(SolutionProperties) = preSolution
		HideSolutionNode = FALSE
	EndGlobalSection
	GlobalSection(ExtensibilityGlobals) = postSolution
		SolutionGuid = {11BD4DBE-DBD1-4782-A52D-8349E425FD06}
	EndGlobalSection
EndGlobal
